
Microsoft Visual Studio Solution File, Format Version 12.00
# Visual Studio Version 16
VisualStudioVersion = 16.0.29806.167
MinimumVisualStudioVersion = 10.0.40219.1
Project("{FAE04EC0-301F-11D3-BF4B-00C04F79EFBC}") = "TerminalClient", "TerminalClient\TerminalClient.csproj", "{1DFFAF3D-49A4-4F03-AD62-A1D3573302B3}"
EndProject
Global
	GlobalSection(SolutionConfigurationPlatforms) = preSolution
		Debug|Any CPU = Debug|Any CPU
		Release|Any CPU = Release|Any CPU
	EndGlobalSection
	GlobalSection(ProjectConfigurationPlatforms) = postSolution
		{1DFFAF3D-49A4-4F03-AD62-A1D3573302B3}.Debug|Any CPU.ActiveCfg = Debug|Any CPU
		{1DFFAF3D-49A4-4F03-AD62-A1D3573302B3}.Debug|Any CPU.Build.0 = Debug|Any CPU
		{1DFFAF3D-49A4-4F03-AD62-A1D3573302B3}.Release|Any CPU.ActiveCfg = Release|Any CPU
		{1DFFAF3D-49A4-4F03-AD62-A1D3573302B3}.Release|Any CPU.Build.0 = Release|Any CPU
	EndGlobalSection
	GlobalSection(SolutionProperties) = preSolution
		HideSolutionNode = FALSE
	EndGlobalSection
	GlobalSection(ExtensibilityGlobals) = postSolution
		SolutionGuid = {977960C3-6C5C-4D6E-8BF4-2E2A6BDC6B75}
	EndGlobalSection
EndGlobal
